// !$*UTF8*$!
{
	archiveVersion = 1;
	classes = {
	};
	objectVersion = 46;
	objects = {

/* Begin PBXBuildFile section */
		F60F2ED61D7EC185003A2908 /* main.m in Sources */ = {isa = PBXBuildFile; fileRef = F60F2ED51D7EC185003A2908 /* main.m */; };
		F60F2ED91D7EC185003A2908 /* AppDelegate.m in Sources */ = {isa = PBXBuildFile; fileRef = F60F2ED81D7EC185003A2908 /* AppDelegate.m */; };
		F60F2EDC1D7EC185003A2908 /* ViewController.m in Sources */ = {isa = PBXBuildFile; fileRef = F60F2EDB1D7EC185003A2908 /* ViewController.m */; };
		F60F2EDF1D7EC185003A2908 /* Main.storyboard in Resources */ = {isa = PBXBuildFile; fileRef = F60F2EDD1D7EC185003A2908 /* Main.storyboard */; };
		F60F2EE11D7EC185003A2908 /* Assets.xcassets in Resources */ = {isa = PBXBuildFile; fileRef = F60F2EE01D7EC185003A2908 /* Assets.xcassets */; };
		F60F2EE41D7EC185003A2908 /* LaunchScreen.storyboard in Resources */ = {isa = PBXBuildFile; fileRef = F60F2EE21D7EC185003A2908 /* LaunchScreen.storyboard */; };
		F60F2EEF1D7EC185003A2908 /* Card_Matching_GameTests.m in Sources */ = {isa = PBXBuildFile; fileRef = F60F2EEE1D7EC185003A2908 /* Card_Matching_GameTests.m */; };
		F60F2EFA1D7EC185003A2908 /* Card_Matching_GameUITests.m in Sources */ = {isa = PBXBuildFile; fileRef = F60F2EF91D7EC185003A2908 /* Card_Matching_GameUITests.m */; };
/* End PBXBuildFile section */

/* Begin PBXContainerItemProxy section */
		F60F2EEB1D7EC185003A2908 /* PBXContainerItemProxy */ = {
			isa = PBXContainerItemProxy;
			containerPortal = F60F2EC91D7EC185003A2908 /* Project object */;
			proxyType = 1;
			remoteGlobalIDString = F60F2ED01D7EC185003A2908;
			remoteInfo = "Card Matching Game";
		};
		F60F2EF61D7EC185003A2908 /* PBXContainerItemProxy */ = {
			isa = PBXContainerItemProxy;
			containerPortal = F60F2EC91D7EC185003A2908 /* Project object */;
			proxyType = 1;
			remoteGlobalIDString = F60F2ED01D7EC185003A2908;
			remoteInfo = "Card Matching Game";
		};
/* End PBXContainerItemProxy section */

/* Begin PBXFileReference section */
		F60F2ED11D7EC185003A2908 /* Card Matching Game.app */ = {isa = PBXFileReference; explicitFileType = wrapper.application; includeInIndex = 0; path = "Card Matching Game.app"; sourceTree = BUILT_PRODUCTS_DIR; };
		F60F2ED51D7EC185003A2908 /* main.m */ = {isa = PBXFileReference; lastKnownFileType = sourcecode.c.objc; path = main.m; sourceTree = "<group>"; };
		F60F2ED71D7EC185003A2908 /* AppDelegate.h */ = {isa = PBXFileReference; lastKnownFileType = sourcecode.c.h; path = AppDelegate.h; sourceTree = "<group>"; };
		F60F2ED81D7EC185003A2908 /* AppDelegate.m */ = {isa = PBXFileReference; lastKnownFileType = sourcecode.c.objc; path = AppDelegate.m; sourceTree = "<group>"; };
		F60F2EDA1D7EC185003A2908 /* ViewController.h */ = {isa = PBXFileReference; lastKnownFileType = sourcecode.c.h; path = ViewController.h; sourceTree = "<group>"; };
		F60F2EDB1D7EC185003A2908 /* ViewController.m */ = {isa = PBXFileReference; lastKnownFileType = sourcecode.c.objc; path = ViewController.m; sourceTree = "<group>"; };
		F60F2EDE1D7EC185003A2908 /* Base */ = {isa = PBXFileReference; lastKnownFileType = file.storyboard; name = Base; path = Base.lproj/Main.storyboard; sourceTree = "<group>"; };
		F60F2EE01D7EC185003A2908 /* Assets.xcassets */ = {isa = PBXFileReference; lastKnownFileType = folder.assetcatalog; path = Assets.xcassets; sourceTree = "<group>"; };
		F60F2EE31D7EC185003A2908 /* Base */ = {isa = PBXFileReference; lastKnownFileType = file.storyboard; name = Base; path = Base.lproj/LaunchScreen.storyboard; sourceTree = "<group>"; };
		F60F2EE51D7EC185003A2908 /* Info.plist */ = {isa = PBXFileReference; lastKnownFileType = text.plist.xml; path = Info.plist; sourceTree = "<group>"; };
		F60F2EEA1D7EC185003A2908 /* Card Matching GameTests.xctest */ = {isa = PBXFileReference; explicitFileType = wrapper.cfbundle; includeInIndex = 0; path = "Card Matching GameTests.xctest"; sourceTree = BUILT_PRODUCTS_DIR; };
		F60F2EEE1D7EC185003A2908 /* Card_Matching_GameTests.m */ = {isa = PBXFileReference; lastKnownFileType = sourcecode.c.objc; path = Card_Matching_GameTests.m; sourceTree = "<group>"; };
		F60F2EF01D7EC185003A2908 /* Info.plist */ = {isa = PBXFileReference; lastKnownFileType = text.plist.xml; path = Info.plist; sourceTree = "<group>"; };
		F60F2EF51D7EC185003A2908 /* Card Matching GameUITests.xctest */ = {isa = PBXFileReference; explicitFileType = wrapper.cfbundle; includeInIndex = 0; path = "Card Matching GameUITests.xctest"; sourceTree = BUILT_PRODUCTS_DIR; };
		F60F2EF91D7EC185003A2908 /* Card_Matching_GameUITests.m */ = {isa = PBXFileReference; lastKnownFileType = sourcecode.c.objc; path = Card_Matching_GameUITests.m; sourceTree = "<group>"; };
		F60F2EFB1D7EC185003A2908 /* Info.plist */ = {isa = PBXFileReference; lastKnownFileType = text.plist.xml; path = Info.plist; sourceTree = "<group>"; };
/* End PBXFileReference section */

/* Begin PBXFrameworksBuildPhase section */
		F60F2ECE1D7EC185003A2908 /* Frameworks */ = {
			isa = PBXFrameworksBuildPhase;
			buildActionMask = 2147483647;
			files = (
			);
			runOnlyForDeploymentPostprocessing = 0;
		};
		F60F2EE71D7EC185003A2908 /* Frameworks */ = {
			isa = PBXFrameworksBuildPhase;
			buildActionMask = 2147483647;
			files = (
			);
			runOnlyForDeploymentPostprocessing = 0;
		};
		F60F2EF21D7EC185003A2908 /* Frameworks */ = {
			isa = PBXFrameworksBuildPhase;
			buildActionMask = 2147483647;
			files = (
			);
			runOnlyForDeploymentPostprocessing = 0;
		};
/* End PBXFrameworksBuildPhase section */

/* Begin PBXGroup section */
		F60F2EC81D7EC185003A2908 = {
			isa = PBXGroup;
			children = (
				F60F2ED31D7EC185003A2908 /* Card Matching Game */,
				F60F2EED1D7EC185003A2908 /* Card Matching GameTests */,
				F60F2EF81D7EC185003A2908 /* Card Matching GameUITests */,
				F60F2ED21D7EC185003A2908 /* Products */,
			);
			sourceTree = "<group>";
		};
		F60F2ED21D7EC185003A2908 /* Products */ = {
			isa = PBXGroup;
			children = (
				F60F2ED11D7EC185003A2908 /* Card Matching Game.app */,
				F60F2EEA1D7EC185003A2908 /* Card Matching GameTests.xctest */,
				F60F2EF51D7EC185003A2908 /* Card Matching GameUITests.xctest */,
			);
			name = Products;
			sourceTree = "<group>";
		};
		F60F2ED31D7EC185003A2908 /* Card Matching Game */ = {
			isa = PBXGroup;
			children = (
				F60F2ED71D7EC185003A2908 /* AppDelegate.h */,
				F60F2ED81D7EC185003A2908 /* AppDelegate.m */,
				F60F2EDA1D7EC185003A2908 /* ViewController.h */,
				F60F2EDB1D7EC185003A2908 /* ViewController.m */,
				F60F2EDD1D7EC185003A2908 /* Main.storyboard */,
				F60F2EE01D7EC185003A2908 /* Assets.xcassets */,
				F60F2EE21D7EC185003A2908 /* LaunchScreen.storyboard */,
				F60F2EE51D7EC185003A2908 /* Info.plist */,
				F60F2ED41D7EC185003A2908 /* Supporting Files */,
			);
			path = "Card Matching Game";
			sourceTree = "<group>";
		};
		F60F2ED41D7EC185003A2908 /* Supporting Files */ = {
			isa = PBXGroup;
			children = (
				F60F2ED51D7EC185003A2908 /* main.m */,
			);
			name = "Supporting Files";
			sourceTree = "<group>";
		};
		F60F2EED1D7EC185003A2908 /* Card Matching GameTests */ = {
			isa = PBXGroup;
			children = (
				F60F2EEE1D7EC185003A2908 /* Card_Matching_GameTests.m */,
				F60F2EF01D7EC185003A2908 /* Info.plist */,
			);
			path = "Card Matching GameTests";
			sourceTree = "<group>";
		};
		F60F2EF81D7EC185003A2908 /* Card Matching GameUITests */ = {
			isa = PBXGroup;
			children = (
				F60F2EF91D7EC185003A2908 /* Card_Matching_GameUITests.m */,
				F60F2EFB1D7EC185003A2908 /* Info.plist */,
			);
			path = "Card Matching GameUITests";
			sourceTree = "<group>";
		};
/* End PBXGroup section */

/* Begin PBXNativeTarget section */
		F60F2ED01D7EC185003A2908 /* Card Matching Game */ = {
			isa = PBXNativeTarget;
			buildConfigurationList = F60F2EFE1D7EC185003A2908 /* Build configuration list for PBXNativeTarget "Card Matching Game" */;
			buildPhases = (
				F60F2ECD1D7EC185003A2908 /* Sources */,
				F60F2ECE1D7EC185003A2908 /* Frameworks */,
				F60F2ECF1D7EC185003A2908 /* Resources */,
			);
			buildRules = (
			);
			dependencies = (
			);
			name = "Card Matching Game";
			productName = "Card Matching Game";
			productReference = F60F2ED11D7EC185003A2908 /* Card Matching Game.app */;
			productType = "com.apple.product-type.application";
		};
		F60F2EE91D7EC185003A2908 /* Card Matching GameTests */ = {
			isa = PBXNativeTarget;
			buildConfigurationList = F60F2F011D7EC185003A2908 /* Build configuration list for PBXNativeTarget "Card Matching GameTests" */;
			buildPhases = (
				F60F2EE61D7EC185003A2908 /* Sources */,
				F60F2EE71D7EC185003A2908 /* Frameworks */,
				F60F2EE81D7EC185003A2908 /* Resources */,
			);
			buildRules = (
			);
			dependencies = (
				F60F2EEC1D7EC185003A2908 /* PBXTargetDependency */,
			);
			name = "Card Matching GameTests";
			productName = "Card Matching GameTests";
			productReference = F60F2EEA1D7EC185003A2908 /* Card Matching GameTests.xctest */;
			productType = "com.apple.product-type.bundle.unit-test";
		};
		F60F2EF41D7EC185003A2908 /* Card Matching GameUITests */ = {
			isa = PBXNativeTarget;
			buildConfigurationList = F60F2F041D7EC185003A2908 /* Build configuration list for PBXNativeTarget "Card Matching GameUITests" */;
			buildPhases = (
				F60F2EF11D7EC185003A2908 /* Sources */,
				F60F2EF21D7EC185003A2908 /* Frameworks */,
				F60F2EF31D7EC185003A2908 /* Resources */,
			);
			buildRules = (
			);
			dependencies = (
				F60F2EF71D7EC185003A2908 /* PBXTargetDependency */,
			);
			name = "Card Matching GameUITests";
			productName = "Card Matching GameUITests";
			productReference = F60F2EF51D7EC185003A2908 /* Card Matching GameUITests.xctest */;
			productType = "com.apple.product-type.bundle.ui-testing";
		};
/* End PBXNativeTarget section */

/* Begin PBXProject section */
		F60F2EC91D7EC185003A2908 /* Project object */ = {
			isa = PBXProject;
			attributes = {
				LastUpgradeCheck = 0730;
				ORGANIZATIONNAME = "Алексей Теликанов";
				TargetAttributes = {
					F60F2ED01D7EC185003A2908 = {
						CreatedOnToolsVersion = 7.3.1;
					};
					F60F2EE91D7EC185003A2908 = {
						CreatedOnToolsVersion = 7.3.1;
						TestTargetID = F60F2ED01D7EC185003A2908;
					};
					F60F2EF41D7EC185003A2908 = {
						CreatedOnToolsVersion = 7.3.1;
						TestTargetID = F60F2ED01D7EC185003A2908;
					};
				};
			};
			buildConfigurationList = F60F2ECC1D7EC185003A2908 /* Build configuration list for PBXProject "Card Matching Game" */;
			compatibilityVersion = "Xcode 3.2";
			developmentRegion = English;
			hasScannedForEncodings = 0;
			knownRegions = (
				en,
				Base,
			);
			mainGroup = F60F2EC81D7EC185003A2908;
			productRefGroup = F60F2ED21D7EC185003A2908 /* Products */;
			projectDirPath = "";
			projectRoot = "";
			targets = (
				F60F2ED01D7EC185003A2908 /* Card Matching Game */,
				F60F2EE91D7EC185003A2908 /* Card Matching GameTests */,
				F60F2EF41D7EC185003A2908 /* Card Matching GameUITests */,
			);
		};
/* End PBXProject section */

/* Begin PBXResourcesBuildPhase section */
		F60F2ECF1D7EC185003A2908 /* Resources */ = {
			isa = PBXResourcesBuildPhase;
			buildActionMask = 2147483647;
			files = (
				F60F2EE41D7EC185003A2908 /* LaunchScreen.storyboard in Resources */,
				F60F2EE11D7EC185003A2908 /* Assets.xcassets in Resources */,
				F60F2EDF1D7EC185003A2908 /* Main.storyboard in Resources */,
			);
			runOnlyForDeploymentPostprocessing = 0;
		};
		F60F2EE81D7EC185003A2908 /* Resources */ = {
			isa = PBXResourcesBuildPhase;
			buildActionMask = 2147483647;
			files = (
			);
			runOnlyForDeploymentPostprocessing = 0;
		};
		F60F2EF31D7EC185003A2908 /* Resources */ = {
			isa = PBXResourcesBuildPhase;
			buildActionMask = 2147483647;
			files = (
			);
			runOnlyForDeploymentPostprocessing = 0;
		};
/* End PBXResourcesBuildPhase section */

/* Begin PBXSourcesBuildPhase section */
		F60F2ECD1D7EC185003A2908 /* Sources */ = {
			isa = PBXSourcesBuildPhase;
			buildActionMask = 2147483647;
			files = (
				F60F2EDC1D7EC185003A2908 /* ViewController.m in Sources */,
				F60F2ED91D7EC185003A2908 /* AppDelegate.m in Sources */,
				F60F2ED61D7EC185003A2908 /* main.m in Sources */,
			);
			runOnlyForDeploymentPostprocessing = 0;
		};
		F60F2EE61D7EC185003A2908 /* Sources */ = {
			isa = PBXSourcesBuildPhase;
			buildActionMask = 2147483647;
			files = (
				F60F2EEF1D7EC185003A2908 /* Card_Matching_GameTests.m in Sources */,
			);
			runOnlyForDeploymentPostprocessing = 0;
		};
		F60F2EF11D7EC185003A2908 /* Sources */ = {
			isa = PBXSourcesBuildPhase;
			buildActionMask = 2147483647;
			files = (
				F60F2EFA1D7EC185003A2908 /* Card_Matching_GameUITests.m in Sources */,
			);
			runOnlyForDeploymentPostprocessing = 0;
		};
/* End PBXSourcesBuildPhase section */

/* Begin PBXTargetDependency section */
		F60F2EEC1D7EC185003A2908 /* PBXTargetDependency */ = {
			isa = PBXTargetDependency;
			target = F60F2ED01D7EC185003A2908 /* Card Matching Game */;
			targetProxy = F60F2EEB1D7EC185003A2908 /* PBXContainerItemProxy */;
		};
		F60F2EF71D7EC185003A2908 /* PBXTargetDependency */ = {
			isa = PBXTargetDependency;
			target = F60F2ED01D7EC185003A2908 /* Card Matching Game */;
			targetProxy = F60F2EF61D7EC185003A2908 /* PBXContainerItemProxy */;
		};
/* End PBXTargetDependency section */

/* Begin PBXVariantGroup section */
		F60F2EDD1D7EC185003A2908 /* Main.storyboard */ = {
			isa = PBXVariantGroup;
			children = (
				F60F2EDE1D7EC185003A2908 /* Base */,
			);
			name = Main.storyboard;
			sourceTree = "<group>";
		};
		F60F2EE21D7EC185003A2908 /* LaunchScreen.storyboard */ = {
			isa = PBXVariantGroup;
			children = (
				F60F2EE31D7EC185003A2908 /* Base */,
			);
			name = LaunchScreen.storyboard;
			sourceTree = "<group>";
		};
/* End PBXVariantGroup section */

/* Begin XCBuildConfiguration section */
		F60F2EFC1D7EC185003A2908 /* Debug */ = {
			isa = XCBuildConfiguration;
			buildSettings = {
				ALWAYS_SEARCH_USER_PATHS = NO;
				CLANG_ANALYZER_NONNULL = YES;
				CLANG_CXX_LANGUAGE_STANDARD = "gnu++0x";
				CLANG_CXX_LIBRARY = "libc++";
				CLANG_ENABLE_MODULES = YES;
				CLANG_ENABLE_OBJC_ARC = YES;
				CLANG_WARN_BOOL_CONVERSION = YES;
				CLANG_WARN_CONSTANT_CONVERSION = YES;
				CLANG_WARN_DIRECT_OBJC_ISA_USAGE = YES_ERROR;
				CLANG_WARN_EMPTY_BODY = YES;
				CLANG_WARN_ENUM_CONVERSION = YES;
				CLANG_WARN_INT_CONVERSION = YES;
				CLANG_WARN_OBJC_ROOT_CLASS = YES_ERROR;
				CLANG_WARN_UNREACHABLE_CODE = YES;
				CLANG_WARN__DUPLICATE_METHOD_MATCH = YES;
				"CODE_SIGN_IDENTITY[sdk=iphoneos*]" = "iPhone Developer";
				COPY_PHASE_STRIP = NO;
				DEBUG_INFORMATION_FORMAT = dwarf;
				ENABLE_STRICT_OBJC_MSGSEND = YES;
				ENABLE_TESTABILITY = YES;
				GCC_C_LANGUAGE_STANDARD = gnu99;
				GCC_DYNAMIC_NO_PIC = NO;
				GCC_NO_COMMON_BLOCKS = YES;
				GCC_OPTIMIZATION_LEVEL = 0;
				GCC_PREPROCESSOR_DEFINITIONS = (
					"DEBUG=1",
					"$(inherited)",
				);
				GCC_WARN_64_TO_32_BIT_CONVERSION = YES;
				GCC_WARN_ABOUT_RETURN_TYPE = YES_ERROR;
				GCC_WARN_UNDECLARED_SELECTOR = YES;
				GCC_WARN_UNINITIALIZED_AUTOS = YES_AGGRESSIVE;
				GCC_WARN_UNUSED_FUNCTION = YES;
				GCC_WARN_UNUSED_VARIABLE = YES;
				IPHONEOS_DEPLOYMENT_TARGET = 9.3;
				MTL_ENABLE_DEBUG_INFO = YES;
				ONLY_ACTIVE_ARCH = YES;
				SDKROOT = iphoneos;
			};
			name = Debug;
		};
		F60F2EFD1D7EC185003A2908 /* Release */ = {
			isa = XCBuildConfiguration;
			buildSettings = {
				ALWAYS_SEARCH_USER_PATHS = NO;
				CLANG_ANALYZER_NONNULL = YES;
				CLANG_CXX_LANGUAGE_STANDARD = "gnu++0x";
				CLANG_CXX_LIBRARY = "libc++";
				CLANG_ENABLE_MODULES = YES;
				CLANG_ENABLE_OBJC_ARC = YES;
				CLANG_WARN_BOOL_CONVERSION = YES;
				CLANG_WARN_CONSTANT_CONVERSION = YES;
				CLANG_WARN_DIRECT_OBJC_ISA_USAGE = YES_ERROR;
				CLANG_WARN_EMPTY_BODY = YES;
				CLANG_WARN_ENUM_CONVERSION = YES;
				CLANG_WARN_INT_CONVERSION = YES;
				CLANG_WARN_OBJC_ROOT_CLASS = YES_ERROR;
				CLANG_WARN_UNREACHABLE_CODE = YES;
				CLANG_WARN__DUPLICATE_METHOD_MATCH = YES;
				"CODE_SIGN_IDENTITY[sdk=iphoneos*]" = "iPhone Developer";
				COPY_PHASE_STRIP = NO;
				DEBUG_INFORMATION_FORMAT = "dwarf-with-dsym";
				ENABLE_NS_ASSERTIONS = NO;
				ENABLE_STRICT_OBJC_MSGSEND = YES;
				GCC_C_LANGUAGE_STANDARD = gnu99;
				GCC_NO_COMMON_BLOCKS = YES;
				GCC_WARN_64_TO_32_BIT_CONVERSION = YES;
				GCC_WARN_ABOUT_RETURN_TYPE = YES_ERROR;
				GCC_WARN_UNDECLARED_SELECTOR = YES;
				GCC_WARN_UNINITIALIZED_AUTOS = YES_AGGRESSIVE;
				GCC_WARN_UNUSED_FUNCTION = YES;
				GCC_WARN_UNUSED_VARIABLE = YES;
				IPHONEOS_DEPLOYMENT_TARGET = 9.3;
				MTL_ENABLE_DEBUG_INFO = NO;
				SDKROOT = iphoneos;
				VALIDATE_PRODUCT = YES;
			};
			name = Release;
		};
		F60F2EFF1D7EC185003A2908 /* Debug */ = {
			isa = XCBuildConfiguration;
			buildSettings = {
				ASSETCATALOG_COMPILER_APPICON_NAME = AppIcon;
				INFOPLIST_FILE = "Card Matching Game/Info.plist";
				LD_RUNPATH_SEARCH_PATHS = "$(inherited) @executable_path/Frameworks";
				PRODUCT_BUNDLE_IDENTIFIER = "Perpetuumlab.Card-Matching-Game";
				PRODUCT_NAME = "$(TARGET_NAME)";
			};
			name = Debug;
		};
		F60F2F001D7EC185003A2908 /* Release */ = {
			isa = XCBuildConfiguration;
			buildSettings = {
				ASSETCATALOG_COMPILER_APPICON_NAME = AppIcon;
				INFOPLIST_FILE = "Card Matching Game/Info.plist";
				LD_RUNPATH_SEARCH_PATHS = "$(inherited) @executable_path/Frameworks";
				PRODUCT_BUNDLE_IDENTIFIER = "Perpetuumlab.Card-Matching-Game";
				PRODUCT_NAME = "$(TARGET_NAME)";
			};
			name = Release;
		};
		F60F2F021D7EC185003A2908 /* Debug */ = {
			isa = XCBuildConfiguration;
			buildSettings = {
				BUNDLE_LOADER = "$(TEST_HOST)";
				INFOPLIST_FILE = "Card Matching GameTests/Info.plist";
				LD_RUNPATH_SEARCH_PATHS = "$(inherited) @executable_path/Frameworks @loader_path/Frameworks";
				PRODUCT_BUNDLE_IDENTIFIER = "Perpetuumlab.Card-Matching-GameTests";
				PRODUCT_NAME = "$(TARGET_NAME)";
				TEST_HOST = "$(BUILT_PRODUCTS_DIR)/Card Matching Game.app/Card Matching Game";
			};
			name = Debug;
		};
		F60F2F031D7EC185003A2908 /* Release */ = {
			isa = XCBuildConfiguration;
			buildSettings = {
				BUNDLE_LOADER = "$(TEST_HOST)";
				INFOPLIST_FILE = "Card Matching GameTests/Info.plist";
				LD_RUNPATH_SEARCH_PATHS = "$(inherited) @executable_path/Frameworks @loader_path/Frameworks";
				PRODUCT_BUNDLE_IDENTIFIER = "Perpetuumlab.Card-Matching-GameTests";
				PRODUCT_NAME = "$(TARGET_NAME)";
				TEST_HOST = "$(BUILT_PRODUCTS_DIR)/Card Matching Game.app/Card Matching Game";
			};
			name = Release;
		};
		F60F2F051D7EC185003A2908 /* Debug */ = {
			isa = XCBuildConfiguration;
			buildSettings = {
				INFOPLIST_FILE = "Card Matching GameUITests/Info.plist";
				LD_RUNPATH_SEARCH_PATHS = "$(inherited) @executable_path/Frameworks @loader_path/Frameworks";
				PRODUCT_BUNDLE_IDENTIFIER = "Perpetuumlab.Card-Matching-GameUITests";
				PRODUCT_NAME = "$(TARGET_NAME)";
				TEST_TARGET_NAME = "Card Matching Game";
			};
			name = Debug;
		};
		F60F2F061D7EC185003A2908 /* Release */ = {
			isa = XCBuildConfiguration;
			buildSettings = {
				INFOPLIST_FILE = "Card Matching GameUITests/Info.plist";
				LD_RUNPATH_SEARCH_PATHS = "$(inherited) @executable_path/Frameworks @loader_path/Frameworks";
				PRODUCT_BUNDLE_IDENTIFIER = "Perpetuumlab.Card-Matching-GameUITests";
				PRODUCT_NAME = "$(TARGET_NAME)";
				TEST_TARGET_NAME = "Card Matching Game";
			};
			name = Release;
		};
/* End XCBuildConfiguration section */

/* Begin XCConfigurationList section */
		F60F2ECC1D7EC185003A2908 /* Build configuration list for PBXProject "Card Matching Game" */ = {
			isa = XCConfigurationList;
			buildConfigurations = (
				F60F2EFC1D7EC185003A2908 /* Debug */,
				F60F2EFD1D7EC185003A2908 /* Release */,
			);
			defaultConfigurationIsVisible = 0;
			defaultConfigurationName = Release;
		};
		F60F2EFE1D7EC185003A2908 /* Build configuration list for PBXNativeTarget "Card Matching Game" */ = {
			isa = XCConfigurationList;
			buildConfigurations = (
				F60F2EFF1D7EC185003A2908 /* Debug */,
				F60F2F001D7EC185003A2908 /* Release */,
			);
			defaultConfigurationIsVisible = 0;
		};
		F60F2F011D7EC185003A2908 /* Build configuration list for PBXNativeTarget "Card Matching GameTests" */ = {
			isa = XCConfigurationList;
			buildConfigurations = (
				F60F2F021D7EC185003A2908 /* Debug */,
				F60F2F031D7EC185003A2908 /* Release */,
			);
			defaultConfigurationIsVisible = 0;
		};
		F60F2F041D7EC185003A2908 /* Build configuration list for PBXNativeTarget "Card Matching GameUITests" */ = {
			isa = XCConfigurationList;
			buildConfigurations = (
				F60F2F051D7EC185003A2908 /* Debug */,
				F60F2F061D7EC185003A2908 /* Release */,
			);
			defaultConfigurationIsVisible = 0;
		};
/* End XCConfigurationList section */
	};
	rootObject = F60F2EC91D7EC185003A2908 /* Project object */;
}
